// !$*UTF8*$!
{
	archiveVersion = 1;
	classes = {
	};
	objectVersion = 50;
	objects = {

/* Begin PBXBuildFile section */
		42E4085F25FFA32200F012BE /* sui_fdmt_firstApp.swift in Sources */ = {isa = PBXBuildFile; fileRef = 42E4085E25FFA32200F012BE /* sui_fdmt_firstApp.swift */; };
		42E4086125FFA32200F012BE /* ContentView.swift in Sources */ = {isa = PBXBuildFile; fileRef = 42E4086025FFA32200F012BE /* ContentView.swift */; };
		42E4086325FFA32500F012BE /* Assets.xcassets in Resources */ = {isa = PBXBuildFile; fileRef = 42E4086225FFA32500F012BE /* Assets.xcassets */; };
		42E4086625FFA32500F012BE /* Preview Assets.xcassets in Resources */ = {isa = PBXBuildFile; fileRef = 42E4086525FFA32500F012BE /* Preview Assets.xcassets */; };
/* End PBXBuildFile section */

/* Begin PBXFileReference section */
		42E4085B25FFA32200F012BE /* sui-fdmt-first.app */ = {isa = PBXFileReference; explicitFileType = wrapper.application; includeInIndex = 0; path = "sui-fdmt-first.app"; sourceTree = BUILT_PRODUCTS_DIR; };
		42E4085E25FFA32200F012BE /* sui_fdmt_firstApp.swift */ = {isa = PBXFileReference; lastKnownFileType = sourcecode.swift; path = sui_fdmt_firstApp.swift; sourceTree = "<group>"; };
		42E4086025FFA32200F012BE /* ContentView.swift */ = {isa = PBXFileReference; lastKnownFileType = sourcecode.swift; path = ContentView.swift; sourceTree = "<group>"; };
		42E4086225FFA32500F012BE /* Assets.xcassets */ = {isa = PBXFileReference; lastKnownFileType = folder.assetcatalog; path = Assets.xcassets; sourceTree = "<group>"; };
		42E4086525FFA32500F012BE /* Preview Assets.xcassets */ = {isa = PBXFileReference; lastKnownFileType = folder.assetcatalog; path = "Preview Assets.xcassets"; sourceTree = "<group>"; };
		42E4086725FFA32500F012BE /* Info.plist */ = {isa = PBXFileReference; lastKnownFileType = text.plist.xml; path = Info.plist; sourceTree = "<group>"; };
		42E4086825FFA32500F012BE /* sui_fdmt_first.entitlements */ = {isa = PBXFileReference; lastKnownFileType = text.plist.entitlements; path = sui_fdmt_first.entitlements; sourceTree = "<group>"; };
/* End PBXFileReference section */

/* Begin PBXFrameworksBuildPhase section */
		42E4085825FFA32200F012BE /* Frameworks */ = {
			isa = PBXFrameworksBuildPhase;
			buildActionMask = 2147483647;
			files = (
			);
			runOnlyForDeploymentPostprocessing = 0;
		};
/* End PBXFrameworksBuildPhase section */

/* Begin PBXGroup section */
		42E4085225FFA32200F012BE = {
			isa = PBXGroup;
			children = (
				42E4085D25FFA32200F012BE /* sui-fdmt-first */,
				42E4085C25FFA32200F012BE /* Products */,
			);
			sourceTree = "<group>";
		};
		42E4085C25FFA32200F012BE /* Products */ = {
			isa = PBXGroup;
			children = (
				42E4085B25FFA32200F012BE /* sui-fdmt-first.app */,
			);
			name = Products;
			sourceTree = "<group>";
		};
		42E4085D25FFA32200F012BE /* sui-fdmt-first */ = {
			isa = PBXGroup;
			children = (
				42E4085E25FFA32200F012BE /* sui_fdmt_firstApp.swift */,
				42E4086025FFA32200F012BE /* ContentView.swift */,
				42E4086225FFA32500F012BE /* Assets.xcassets */,
				42E4086725FFA32500F012BE /* Info.plist */,
				42E4086825FFA32500F012BE /* sui_fdmt_first.entitlements */,
				42E4086425FFA32500F012BE /* Preview Content */,
			);
			path = "sui-fdmt-first";
			sourceTree = "<group>";
		};
		42E4086425FFA32500F012BE /* Preview Content */ = {
			isa = PBXGroup;
			children = (
				42E4086525FFA32500F012BE /* Preview Assets.xcassets */,
			);
			path = "Preview Content";
			sourceTree = "<group>";
		};
/* End PBXGroup section */

/* Begin PBXNativeTarget section */
		42E4085A25FFA32200F012BE /* sui-fdmt-first */ = {
			isa = PBXNativeTarget;
			buildConfigurationList = 42E4086B25FFA32500F012BE /* Build configuration list for PBXNativeTarget "sui-fdmt-first" */;
			buildPhases = (
				42E4085725FFA32200F012BE /* Sources */,
				42E4085825FFA32200F012BE /* Frameworks */,
				42E4085925FFA32200F012BE /* Resources */,
			);
			buildRules = (
			);
			dependencies = (
			);
			name = "sui-fdmt-first";
			productName = "sui-fdmt-first";
			productReference = 42E4085B25FFA32200F012BE /* sui-fdmt-first.app */;
			productType = "com.apple.product-type.application";
		};
/* End PBXNativeTarget section */

/* Begin PBXProject section */
		42E4085325FFA32200F012BE /* Project object */ = {
			isa = PBXProject;
			attributes = {
				LastSwiftUpdateCheck = 1230;
				LastUpgradeCheck = 1230;
				TargetAttributes = {
					42E4085A25FFA32200F012BE = {
						CreatedOnToolsVersion = 12.3;
					};
				};
			};
			buildConfigurationList = 42E4085625FFA32200F012BE /* Build configuration list for PBXProject "sui-fdmt-first" */;
			compatibilityVersion = "Xcode 9.3";
			developmentRegion = en;
			hasScannedForEncodings = 0;
			knownRegions = (
				en,
				Base,
			);
			mainGroup = 42E4085225FFA32200F012BE;
			productRefGroup = 42E4085C25FFA32200F012BE /* Products */;
			projectDirPath = "";
			projectRoot = "";
			targets = (
				42E4085A25FFA32200F012BE /* sui-fdmt-first */,
			);
		};
/* End PBXProject section */

/* Begin PBXResourcesBuildPhase section */
		42E4085925FFA32200F012BE /* Resources */ = {
			isa = PBXResourcesBuildPhase;
			buildActionMask = 2147483647;
			files = (
				42E4086625FFA32500F012BE /* Preview Assets.xcassets in Resources */,
				42E4086325FFA32500F012BE /* Assets.xcassets in Resources */,
			);
			runOnlyForDeploymentPostprocessing = 0;
		};
/* End PBXResourcesBuildPhase section */

/* Begin PBXSourcesBuildPhase section */
		42E4085725FFA32200F012BE /* Sources */ = {
			isa = PBXSourcesBuildPhase;
			buildActionMask = 2147483647;
			files = (
				42E4086125FFA32200F012BE /* ContentView.swift in Sources */,
				42E4085F25FFA32200F012BE /* sui_fdmt_firstApp.swift in Sources */,
			);
			runOnlyForDeploymentPostprocessing = 0;
		};
/* End PBXSourcesBuildPhase section */

/* Begin XCBuildConfiguration section */
		42E4086925FFA32500F012BE /* Debug */ = {
			isa = XCBuildConfiguration;
			buildSettings = {
				ALWAYS_SEARCH_USER_PATHS = NO;
				CLANG_ANALYZER_NONNULL = YES;
				CLANG_ANALYZER_NUMBER_OBJECT_CONVERSION = YES_AGGRESSIVE;
				CLANG_CXX_LANGUAGE_STANDARD = "gnu++14";
				CLANG_CXX_LIBRARY = "libc++";
				CLANG_ENABLE_MODULES = YES;
				CLANG_ENABLE_OBJC_ARC = YES;
				CLANG_ENABLE_OBJC_WEAK = YES;
				CLANG_WARN_BLOCK_CAPTURE_AUTORELEASING = YES;
				CLANG_WARN_BOOL_CONVERSION = YES;
				CLANG_WARN_COMMA = YES;
				CLANG_WARN_CONSTANT_CONVERSION = YES;
				CLANG_WARN_DEPRECATED_OBJC_IMPLEMENTATIONS = YES;
				CLANG_WARN_DIRECT_OBJC_ISA_USAGE = YES_ERROR;
				CLANG_WARN_DOCUMENTATION_COMMENTS = YES;
				CLANG_WARN_EMPTY_BODY = YES;
				CLANG_WARN_ENUM_CONVERSION = YES;
				CLANG_WARN_INFINITE_RECURSION = YES;
				CLANG_WARN_INT_CONVERSION = YES;
				CLANG_WARN_NON_LITERAL_NULL_CONVERSION = YES;
				CLANG_WARN_OBJC_IMPLICIT_RETAIN_SELF = YES;
				CLANG_WARN_OBJC_LITERAL_CONVERSION = YES;
				CLANG_WARN_OBJC_ROOT_CLASS = YES_ERROR;
				CLANG_WARN_QUOTED_INCLUDE_IN_FRAMEWORK_HEADER = YES;
				CLANG_WARN_RANGE_LOOP_ANALYSIS = YES;
				CLANG_WARN_STRICT_PROTOTYPES = YES;
				CLANG_WARN_SUSPICIOUS_MOVE = YES;
				CLANG_WARN_UNGUARDED_AVAILABILITY = YES_AGGRESSIVE;
				CLANG_WARN_UNREACHABLE_CODE = YES;
				CLANG_WARN__DUPLICATE_METHOD_MATCH = YES;
				COPY_PHASE_STRIP = NO;
				DEBUG_INFORMATION_FORMAT = dwarf;
				ENABLE_STRICT_OBJC_MSGSEND = YES;
				ENABLE_TESTABILITY = YES;
				GCC_C_LANGUAGE_STANDARD = gnu11;
				GCC_DYNAMIC_NO_PIC = NO;
				GCC_NO_COMMON_BLOCKS = YES;
				GCC_OPTIMIZATION_LEVEL = 0;
				GCC_PREPROCESSOR_DEFINITIONS = (
					"DEBUG=1",
					"$(inherited)",
				);
				GCC_WARN_64_TO_32_BIT_CONVERSION = YES;
				GCC_WARN_ABOUT_RETURN_TYPE = YES_ERROR;
				GCC_WARN_UNDECLARED_SELECTOR = YES;
				GCC_WARN_UNINITIALIZED_AUTOS = YES_AGGRESSIVE;
				GCC_WARN_UNUSED_FUNCTION = YES;
				GCC_WARN_UNUSED_VARIABLE = YES;
				MACOSX_DEPLOYMENT_TARGET = 10.15;
				MTL_ENABLE_DEBUG_INFO = INCLUDE_SOURCE;
				MTL_FAST_MATH = YES;
				ONLY_ACTIVE_ARCH = YES;
				SDKROOT = macosx;
				SWIFT_ACTIVE_COMPILATION_CONDITIONS = DEBUG;
				SWIFT_OPTIMIZATION_LEVEL = "-Onone";
			};
			name = Debug;
		};
		42E4086A25FFA32500F012BE /* Release */ = {
			isa = XCBuildConfiguration;
			buildSettings = {
				ALWAYS_SEARCH_USER_PATHS = NO;
				CLANG_ANALYZER_NONNULL = YES;
				CLANG_ANALYZER_NUMBER_OBJECT_CONVERSION = YES_AGGRESSIVE;
				CLANG_CXX_LANGUAGE_STANDARD = "gnu++14";
				CLANG_CXX_LIBRARY = "libc++";
				CLANG_ENABLE_MODULES = YES;
				CLANG_ENABLE_OBJC_ARC = YES;
				CLANG_ENABLE_OBJC_WEAK = YES;
				CLANG_WARN_BLOCK_CAPTURE_AUTORELEASING = YES;
				CLANG_WARN_BOOL_CONVERSION = YES;
				CLANG_WARN_COMMA = YES;
				CLANG_WARN_CONSTANT_CONVERSION = YES;
				CLANG_WARN_DEPRECATED_OBJC_IMPLEMENTATIONS = YES;
				CLANG_WARN_DIRECT_OBJC_ISA_USAGE = YES_ERROR;
				CLANG_WARN_DOCUMENTATION_COMMENTS = YES;
				CLANG_WARN_EMPTY_BODY = YES;
				CLANG_WARN_ENUM_CONVERSION = YES;
				CLANG_WARN_INFINITE_RECURSION = YES;
				CLANG_WARN_INT_CONVERSION = YES;
				CLANG_WARN_NON_LITERAL_NULL_CONVERSION = YES;
				CLANG_WARN_OBJC_IMPLICIT_RETAIN_SELF = YES;
				CLANG_WARN_OBJC_LITERAL_CONVERSION = YES;
				CLANG_WARN_OBJC_ROOT_CLASS = YES_ERROR;
				CLANG_WARN_QUOTED_INCLUDE_IN_FRAMEWORK_HEADER = YES;
				CLANG_WARN_RANGE_LOOP_ANALYSIS = YES;
				CLANG_WARN_STRICT_PROTOTYPES = YES;
				CLANG_WARN_SUSPICIOUS_MOVE = YES;
				CLANG_WARN_UNGUARDED_AVAILABILITY = YES_AGGRESSIVE;
				CLANG_WARN_UNREACHABLE_CODE = YES;
				CLANG_WARN__DUPLICATE_METHOD_MATCH = YES;
				COPY_PHASE_STRIP = NO;
				DEBUG_INFORMATION_FORMAT = "dwarf-with-dsym";
				ENABLE_NS_ASSERTIONS = NO;
				ENABLE_STRICT_OBJC_MSGSEND = YES;
				GCC_C_LANGUAGE_STANDARD = gnu11;
				GCC_NO_COMMON_BLOCKS = YES;
				GCC_WARN_64_TO_32_BIT_CONVERSION = YES;
				GCC_WARN_ABOUT_RETURN_TYPE = YES_ERROR;
				GCC_WARN_UNDECLARED_SELECTOR = YES;
				GCC_WARN_UNINITIALIZED_AUTOS = YES_AGGRESSIVE;
				GCC_WARN_UNUSED_FUNCTION = YES;
				GCC_WARN_UNUSED_VARIABLE = YES;
				MACOSX_DEPLOYMENT_TARGET = 10.15;
				MTL_ENABLE_DEBUG_INFO = NO;
				MTL_FAST_MATH = YES;
				SDKROOT = macosx;
				SWIFT_COMPILATION_MODE = wholemodule;
				SWIFT_OPTIMIZATION_LEVEL = "-O";
			};
			name = Release;
		};
		42E4086C25FFA32500F012BE /* Debug */ = {
			isa = XCBuildConfiguration;
			buildSettings = {
				ASSETCATALOG_COMPILER_APPICON_NAME = AppIcon;
				ASSETCATALOG_COMPILER_GLOBAL_ACCENT_COLOR_NAME = AccentColor;
				CODE_SIGN_ENTITLEMENTS = "sui-fdmt-first/sui_fdmt_first.entitlements";
				CODE_SIGN_STYLE = Automatic;
				COMBINE_HIDPI_IMAGES = YES;
				DEVELOPMENT_ASSET_PATHS = "\"sui-fdmt-first/Preview Content\"";
				ENABLE_PREVIEWS = YES;
				INFOPLIST_FILE = "sui-fdmt-first/Info.plist";
				LD_RUNPATH_SEARCH_PATHS = (
					"$(inherited)",
					"@executable_path/../Frameworks",
				);
				MACOSX_DEPLOYMENT_TARGET = 11.0;
				PRODUCT_BUNDLE_IDENTIFIER = "com.eonsubae.sui-fdmt-first";
				PRODUCT_NAME = "$(TARGET_NAME)";
				SWIFT_VERSION = 5.0;
			};
			name = Debug;
		};
		42E4086D25FFA32500F012BE /* Release */ = {
			isa = XCBuildConfiguration;
			buildSettings = {
				ASSETCATALOG_COMPILER_APPICON_NAME = AppIcon;
				ASSETCATALOG_COMPILER_GLOBAL_ACCENT_COLOR_NAME = AccentColor;
				CODE_SIGN_ENTITLEMENTS = "sui-fdmt-first/sui_fdmt_first.entitlements";
				CODE_SIGN_STYLE = Automatic;
				COMBINE_HIDPI_IMAGES = YES;
				DEVELOPMENT_ASSET_PATHS = "\"sui-fdmt-first/Preview Content\"";
				ENABLE_PREVIEWS = YES;
				INFOPLIST_FILE = "sui-fdmt-first/Info.plist";
				LD_RUNPATH_SEARCH_PATHS = (
					"$(inherited)",
					"@executable_path/../Frameworks",
				);
				MACOSX_DEPLOYMENT_TARGET = 11.0;
				PRODUCT_BUNDLE_IDENTIFIER = "com.eonsubae.sui-fdmt-first";
				PRODUCT_NAME = "$(TARGET_NAME)";
				SWIFT_VERSION = 5.0;
			};
			name = Release;
		};
/* End XCBuildConfiguration section */

/* Begin XCConfigurationList section */
		42E4085625FFA32200F012BE /* Build configuration list for PBXProject "sui-fdmt-first" */ = {
			isa = XCConfigurationList;
			buildConfigurations = (
				42E4086925FFA32500F012BE /* Debug */,
				42E4086A25FFA32500F012BE /* Release */,
			);
			defaultConfigurationIsVisible = 0;
			defaultConfigurationName = Release;
		};
		42E4086B25FFA32500F012BE /* Build configuration list for PBXNativeTarget "sui-fdmt-first" */ = {
			isa = XCConfigurationList;
			buildConfigurations = (
				42E4086C25FFA32500F012BE /* Debug */,
				42E4086D25FFA32500F012BE /* Release */,
			);
			defaultConfigurationIsVisible = 0;
			defaultConfigurationName = Release;
		};
/* End XCConfigurationList section */
	};
	rootObject = 42E4085325FFA32200F012BE /* Project object */;
}
