// !$*UTF8*$!
{
	archiveVersion = 1;
	classes = {
	};
	objectVersion = 50;
	objects = {

/* Begin PBXBuildFile section */
		42E408982602455900F012BE /* StacksApp.swift in Sources */ = {isa = PBXBuildFile; fileRef = 42E408972602455900F012BE /* StacksApp.swift */; };
		42E4089A2602455900F012BE /* ContentView.swift in Sources */ = {isa = PBXBuildFile; fileRef = 42E408992602455900F012BE /* ContentView.swift */; };
		42E4089C2602455D00F012BE /* Assets.xcassets in Resources */ = {isa = PBXBuildFile; fileRef = 42E4089B2602455D00F012BE /* Assets.xcassets */; };
		42E4089F2602455D00F012BE /* Preview Assets.xcassets in Resources */ = {isa = PBXBuildFile; fileRef = 42E4089E2602455D00F012BE /* Preview Assets.xcassets */; };
		42F120622603925700EAB332 /* MeowMixHeader.swift in Sources */ = {isa = PBXBuildFile; fileRef = 42F120612603925700EAB332 /* MeowMixHeader.swift */; };
		42F120662603940400EAB332 /* MeowMix.swift in Sources */ = {isa = PBXBuildFile; fileRef = 42F120652603940400EAB332 /* MeowMix.swift */; };
/* End PBXBuildFile section */

/* Begin PBXFileReference section */
		42E408942602455900F012BE /* Stacks.app */ = {isa = PBXFileReference; explicitFileType = wrapper.application; includeInIndex = 0; path = Stacks.app; sourceTree = BUILT_PRODUCTS_DIR; };
		42E408972602455900F012BE /* StacksApp.swift */ = {isa = PBXFileReference; lastKnownFileType = sourcecode.swift; path = StacksApp.swift; sourceTree = "<group>"; };
		42E408992602455900F012BE /* ContentView.swift */ = {isa = PBXFileReference; lastKnownFileType = sourcecode.swift; path = ContentView.swift; sourceTree = "<group>"; };
		42E4089B2602455D00F012BE /* Assets.xcassets */ = {isa = PBXFileReference; lastKnownFileType = folder.assetcatalog; path = Assets.xcassets; sourceTree = "<group>"; };
		42E4089E2602455D00F012BE /* Preview Assets.xcassets */ = {isa = PBXFileReference; lastKnownFileType = folder.assetcatalog; path = "Preview Assets.xcassets"; sourceTree = "<group>"; };
		42E408A02602455D00F012BE /* Info.plist */ = {isa = PBXFileReference; lastKnownFileType = text.plist.xml; path = Info.plist; sourceTree = "<group>"; };
		42F120612603925700EAB332 /* MeowMixHeader.swift */ = {isa = PBXFileReference; lastKnownFileType = sourcecode.swift; path = MeowMixHeader.swift; sourceTree = "<group>"; };
		42F120652603940400EAB332 /* MeowMix.swift */ = {isa = PBXFileReference; lastKnownFileType = sourcecode.swift; path = MeowMix.swift; sourceTree = "<group>"; };
/* End PBXFileReference section */

/* Begin PBXFrameworksBuildPhase section */
		42E408912602455900F012BE /* Frameworks */ = {
			isa = PBXFrameworksBuildPhase;
			buildActionMask = 2147483647;
			files = (
			);
			runOnlyForDeploymentPostprocessing = 0;
		};
/* End PBXFrameworksBuildPhase section */

/* Begin PBXGroup section */
		42E4088B2602455900F012BE = {
			isa = PBXGroup;
			children = (
				42E408962602455900F012BE /* Stacks */,
				42E408952602455900F012BE /* Products */,
			);
			sourceTree = "<group>";
		};
		42E408952602455900F012BE /* Products */ = {
			isa = PBXGroup;
			children = (
				42E408942602455900F012BE /* Stacks.app */,
			);
			name = Products;
			sourceTree = "<group>";
		};
		42E408962602455900F012BE /* Stacks */ = {
			isa = PBXGroup;
			children = (
				42E408972602455900F012BE /* StacksApp.swift */,
				42E408992602455900F012BE /* ContentView.swift */,
				42F120612603925700EAB332 /* MeowMixHeader.swift */,
				42E4089B2602455D00F012BE /* Assets.xcassets */,
				42E408A02602455D00F012BE /* Info.plist */,
				42E4089D2602455D00F012BE /* Preview Content */,
				42F120652603940400EAB332 /* MeowMix.swift */,
			);
			path = Stacks;
			sourceTree = "<group>";
		};
		42E4089D2602455D00F012BE /* Preview Content */ = {
			isa = PBXGroup;
			children = (
				42E4089E2602455D00F012BE /* Preview Assets.xcassets */,
			);
			path = "Preview Content";
			sourceTree = "<group>";
		};
/* End PBXGroup section */

/* Begin PBXNativeTarget section */
		42E408932602455900F012BE /* Stacks */ = {
			isa = PBXNativeTarget;
			buildConfigurationList = 42E408A32602455D00F012BE /* Build configuration list for PBXNativeTarget "Stacks" */;
			buildPhases = (
				42E408902602455900F012BE /* Sources */,
				42E408912602455900F012BE /* Frameworks */,
				42E408922602455900F012BE /* Resources */,
			);
			buildRules = (
			);
			dependencies = (
			);
			name = Stacks;
			productName = Stacks;
			productReference = 42E408942602455900F012BE /* Stacks.app */;
			productType = "com.apple.product-type.application";
		};
/* End PBXNativeTarget section */

/* Begin PBXProject section */
		42E4088C2602455900F012BE /* Project object */ = {
			isa = PBXProject;
			attributes = {
				LastSwiftUpdateCheck = 1230;
				LastUpgradeCheck = 1230;
				TargetAttributes = {
					42E408932602455900F012BE = {
						CreatedOnToolsVersion = 12.3;
					};
				};
			};
			buildConfigurationList = 42E4088F2602455900F012BE /* Build configuration list for PBXProject "Stacks" */;
			compatibilityVersion = "Xcode 9.3";
			developmentRegion = en;
			hasScannedForEncodings = 0;
			knownRegions = (
				en,
				Base,
			);
			mainGroup = 42E4088B2602455900F012BE;
			productRefGroup = 42E408952602455900F012BE /* Products */;
			projectDirPath = "";
			projectRoot = "";
			targets = (
				42E408932602455900F012BE /* Stacks */,
			);
		};
/* End PBXProject section */

/* Begin PBXResourcesBuildPhase section */
		42E408922602455900F012BE /* Resources */ = {
			isa = PBXResourcesBuildPhase;
			buildActionMask = 2147483647;
			files = (
				42E4089F2602455D00F012BE /* Preview Assets.xcassets in Resources */,
				42E4089C2602455D00F012BE /* Assets.xcassets in Resources */,
			);
			runOnlyForDeploymentPostprocessing = 0;
		};
/* End PBXResourcesBuildPhase section */

/* Begin PBXSourcesBuildPhase section */
		42E408902602455900F012BE /* Sources */ = {
			isa = PBXSourcesBuildPhase;
			buildActionMask = 2147483647;
			files = (
				42E4089A2602455900F012BE /* ContentView.swift in Sources */,
				42F120622603925700EAB332 /* MeowMixHeader.swift in Sources */,
				42F120662603940400EAB332 /* MeowMix.swift in Sources */,
				42E408982602455900F012BE /* StacksApp.swift in Sources */,
			);
			runOnlyForDeploymentPostprocessing = 0;
		};
/* End PBXSourcesBuildPhase section */

/* Begin XCBuildConfiguration section */
		42E408A12602455D00F012BE /* Debug */ = {
			isa = XCBuildConfiguration;
			buildSettings = {
				ALWAYS_SEARCH_USER_PATHS = NO;
				CLANG_ANALYZER_NONNULL = YES;
				CLANG_ANALYZER_NUMBER_OBJECT_CONVERSION = YES_AGGRESSIVE;
				CLANG_CXX_LANGUAGE_STANDARD = "gnu++14";
				CLANG_CXX_LIBRARY = "libc++";
				CLANG_ENABLE_MODULES = YES;
				CLANG_ENABLE_OBJC_ARC = YES;
				CLANG_ENABLE_OBJC_WEAK = YES;
				CLANG_WARN_BLOCK_CAPTURE_AUTORELEASING = YES;
				CLANG_WARN_BOOL_CONVERSION = YES;
				CLANG_WARN_COMMA = YES;
				CLANG_WARN_CONSTANT_CONVERSION = YES;
				CLANG_WARN_DEPRECATED_OBJC_IMPLEMENTATIONS = YES;
				CLANG_WARN_DIRECT_OBJC_ISA_USAGE = YES_ERROR;
				CLANG_WARN_DOCUMENTATION_COMMENTS = YES;
				CLANG_WARN_EMPTY_BODY = YES;
				CLANG_WARN_ENUM_CONVERSION = YES;
				CLANG_WARN_INFINITE_RECURSION = YES;
				CLANG_WARN_INT_CONVERSION = YES;
				CLANG_WARN_NON_LITERAL_NULL_CONVERSION = YES;
				CLANG_WARN_OBJC_IMPLICIT_RETAIN_SELF = YES;
				CLANG_WARN_OBJC_LITERAL_CONVERSION = YES;
				CLANG_WARN_OBJC_ROOT_CLASS = YES_ERROR;
				CLANG_WARN_QUOTED_INCLUDE_IN_FRAMEWORK_HEADER = YES;
				CLANG_WARN_RANGE_LOOP_ANALYSIS = YES;
				CLANG_WARN_STRICT_PROTOTYPES = YES;
				CLANG_WARN_SUSPICIOUS_MOVE = YES;
				CLANG_WARN_UNGUARDED_AVAILABILITY = YES_AGGRESSIVE;
				CLANG_WARN_UNREACHABLE_CODE = YES;
				CLANG_WARN__DUPLICATE_METHOD_MATCH = YES;
				COPY_PHASE_STRIP = NO;
				DEBUG_INFORMATION_FORMAT = dwarf;
				ENABLE_STRICT_OBJC_MSGSEND = YES;
				ENABLE_TESTABILITY = YES;
				GCC_C_LANGUAGE_STANDARD = gnu11;
				GCC_DYNAMIC_NO_PIC = NO;
				GCC_NO_COMMON_BLOCKS = YES;
				GCC_OPTIMIZATION_LEVEL = 0;
				GCC_PREPROCESSOR_DEFINITIONS = (
					"DEBUG=1",
					"$(inherited)",
				);
				GCC_WARN_64_TO_32_BIT_CONVERSION = YES;
				GCC_WARN_ABOUT_RETURN_TYPE = YES_ERROR;
				GCC_WARN_UNDECLARED_SELECTOR = YES;
				GCC_WARN_UNINITIALIZED_AUTOS = YES_AGGRESSIVE;
				GCC_WARN_UNUSED_FUNCTION = YES;
				GCC_WARN_UNUSED_VARIABLE = YES;
				IPHONEOS_DEPLOYMENT_TARGET = 14.3;
				MTL_ENABLE_DEBUG_INFO = INCLUDE_SOURCE;
				MTL_FAST_MATH = YES;
				ONLY_ACTIVE_ARCH = YES;
				SDKROOT = iphoneos;
				SWIFT_ACTIVE_COMPILATION_CONDITIONS = DEBUG;
				SWIFT_OPTIMIZATION_LEVEL = "-Onone";
			};
			name = Debug;
		};
		42E408A22602455D00F012BE /* Release */ = {
			isa = XCBuildConfiguration;
			buildSettings = {
				ALWAYS_SEARCH_USER_PATHS = NO;
				CLANG_ANALYZER_NONNULL = YES;
				CLANG_ANALYZER_NUMBER_OBJECT_CONVERSION = YES_AGGRESSIVE;
				CLANG_CXX_LANGUAGE_STANDARD = "gnu++14";
				CLANG_CXX_LIBRARY = "libc++";
				CLANG_ENABLE_MODULES = YES;
				CLANG_ENABLE_OBJC_ARC = YES;
				CLANG_ENABLE_OBJC_WEAK = YES;
				CLANG_WARN_BLOCK_CAPTURE_AUTORELEASING = YES;
				CLANG_WARN_BOOL_CONVERSION = YES;
				CLANG_WARN_COMMA = YES;
				CLANG_WARN_CONSTANT_CONVERSION = YES;
				CLANG_WARN_DEPRECATED_OBJC_IMPLEMENTATIONS = YES;
				CLANG_WARN_DIRECT_OBJC_ISA_USAGE = YES_ERROR;
				CLANG_WARN_DOCUMENTATION_COMMENTS = YES;
				CLANG_WARN_EMPTY_BODY = YES;
				CLANG_WARN_ENUM_CONVERSION = YES;
				CLANG_WARN_INFINITE_RECURSION = YES;
				CLANG_WARN_INT_CONVERSION = YES;
				CLANG_WARN_NON_LITERAL_NULL_CONVERSION = YES;
				CLANG_WARN_OBJC_IMPLICIT_RETAIN_SELF = YES;
				CLANG_WARN_OBJC_LITERAL_CONVERSION = YES;
				CLANG_WARN_OBJC_ROOT_CLASS = YES_ERROR;
				CLANG_WARN_QUOTED_INCLUDE_IN_FRAMEWORK_HEADER = YES;
				CLANG_WARN_RANGE_LOOP_ANALYSIS = YES;
				CLANG_WARN_STRICT_PROTOTYPES = YES;
				CLANG_WARN_SUSPICIOUS_MOVE = YES;
				CLANG_WARN_UNGUARDED_AVAILABILITY = YES_AGGRESSIVE;
				CLANG_WARN_UNREACHABLE_CODE = YES;
				CLANG_WARN__DUPLICATE_METHOD_MATCH = YES;
				COPY_PHASE_STRIP = NO;
				DEBUG_INFORMATION_FORMAT = "dwarf-with-dsym";
				ENABLE_NS_ASSERTIONS = NO;
				ENABLE_STRICT_OBJC_MSGSEND = YES;
				GCC_C_LANGUAGE_STANDARD = gnu11;
				GCC_NO_COMMON_BLOCKS = YES;
				GCC_WARN_64_TO_32_BIT_CONVERSION = YES;
				GCC_WARN_ABOUT_RETURN_TYPE = YES_ERROR;
				GCC_WARN_UNDECLARED_SELECTOR = YES;
				GCC_WARN_UNINITIALIZED_AUTOS = YES_AGGRESSIVE;
				GCC_WARN_UNUSED_FUNCTION = YES;
				GCC_WARN_UNUSED_VARIABLE = YES;
				IPHONEOS_DEPLOYMENT_TARGET = 14.3;
				MTL_ENABLE_DEBUG_INFO = NO;
				MTL_FAST_MATH = YES;
				SDKROOT = iphoneos;
				SWIFT_COMPILATION_MODE = wholemodule;
				SWIFT_OPTIMIZATION_LEVEL = "-O";
				VALIDATE_PRODUCT = YES;
			};
			name = Release;
		};
		42E408A42602455D00F012BE /* Debug */ = {
			isa = XCBuildConfiguration;
			buildSettings = {
				ASSETCATALOG_COMPILER_APPICON_NAME = AppIcon;
				ASSETCATALOG_COMPILER_GLOBAL_ACCENT_COLOR_NAME = AccentColor;
				CODE_SIGN_STYLE = Automatic;
				DEVELOPMENT_ASSET_PATHS = "\"Stacks/Preview Content\"";
				ENABLE_PREVIEWS = YES;
				INFOPLIST_FILE = Stacks/Info.plist;
				IPHONEOS_DEPLOYMENT_TARGET = 14.0;
				LD_RUNPATH_SEARCH_PATHS = (
					"$(inherited)",
					"@executable_path/Frameworks",
				);
				PRODUCT_BUNDLE_IDENTIFIER = com.eonsubae.Stacks;
				PRODUCT_NAME = "$(TARGET_NAME)";
				SWIFT_VERSION = 5.0;
				TARGETED_DEVICE_FAMILY = "1,2";
			};
			name = Debug;
		};
		42E408A52602455D00F012BE /* Release */ = {
			isa = XCBuildConfiguration;
			buildSettings = {
				ASSETCATALOG_COMPILER_APPICON_NAME = AppIcon;
				ASSETCATALOG_COMPILER_GLOBAL_ACCENT_COLOR_NAME = AccentColor;
				CODE_SIGN_STYLE = Automatic;
				DEVELOPMENT_ASSET_PATHS = "\"Stacks/Preview Content\"";
				ENABLE_PREVIEWS = YES;
				INFOPLIST_FILE = Stacks/Info.plist;
				IPHONEOS_DEPLOYMENT_TARGET = 14.0;
				LD_RUNPATH_SEARCH_PATHS = (
					"$(inherited)",
					"@executable_path/Frameworks",
				);
				PRODUCT_BUNDLE_IDENTIFIER = com.eonsubae.Stacks;
				PRODUCT_NAME = "$(TARGET_NAME)";
				SWIFT_VERSION = 5.0;
				TARGETED_DEVICE_FAMILY = "1,2";
			};
			name = Release;
		};
/* End XCBuildConfiguration section */

/* Begin XCConfigurationList section */
		42E4088F2602455900F012BE /* Build configuration list for PBXProject "Stacks" */ = {
			isa = XCConfigurationList;
			buildConfigurations = (
				42E408A12602455D00F012BE /* Debug */,
				42E408A22602455D00F012BE /* Release */,
			);
			defaultConfigurationIsVisible = 0;
			defaultConfigurationName = Release;
		};
		42E408A32602455D00F012BE /* Build configuration list for PBXNativeTarget "Stacks" */ = {
			isa = XCConfigurationList;
			buildConfigurations = (
				42E408A42602455D00F012BE /* Debug */,
				42E408A52602455D00F012BE /* Release */,
			);
			defaultConfigurationIsVisible = 0;
			defaultConfigurationName = Release;
		};
/* End XCConfigurationList section */
	};
	rootObject = 42E4088C2602455900F012BE /* Project object */;
}
